<?xml version="1.0" encoding="utf-8"?>
<Project ToolsVersion="4.0" xmlns="http://schemas.microsoft.com/developer/msbuild/2003">
  <ItemGroup>
    <Filter Include="ソース ファイル">
      <UniqueIdentifier>{4FC737F1-C7A5-4376-A066-2A32D752A2FF}</UniqueIdentifier>
      <Extensions>cpp;c;cc;cxx;c++;cppm;ixx;def;odl;idl;hpj;bat;asm;asmx</Extensions>
    </Filter>
    <Filter Include="ヘッダー ファイル">
      <UniqueIdentifier>{93995380-89BD-4b04-88EB-625FBE52EBFB}</UniqueIdentifier>
      <Extensions>h;hh;hpp;hxx;h++;hm;inl;inc;ipp;xsd</Extensions>
    </Filter>
    <Filter Include="リソース ファイル">
      <UniqueIdentifier>{67DA6AB6-F800-4c08-8B7A-83BB121AAD01}</UniqueIdentifier>
      <Extensions>rc;ico;cur;bmp;dlg;rc2;rct;bin;rgs;gif;jpg;jpeg;jpe;resx;tiff;tif;png;wav;mfcribbon-ms</Extensions>
    </Filter>
    <Filter Include="Assets">
      <UniqueIdentifier>{bfc61f64-ea9b-40e3-bd5e-4d884fe19594}</UniqueIdentifier>
    </Filter>
    <Filter Include="Assets\Models">
      <UniqueIdentifier>{0b11c65e-6df4-47c5-9f44-42a210334d3a}</UniqueIdentifier>
    </Filter>
    <Filter Include="Assets\Models\Y_Bot">
      <UniqueIdentifier>{d678867a-f02e-4939-a23a-af7907139299}</UniqueIdentifier>
    </Filter>
    <Filter Include="Effekseer">
      <UniqueIdentifier>{0fdc5f55-6c10-4b26-a1c2-091f79be6da5}</UniqueIdentifier>
    </Filter>
    <Filter Include="Effekseer\include">
      <UniqueIdentifier>{205e451e-1cd1-4a1d-8f27-a792279cb15b}</UniqueIdentifier>
    </Filter>
    <Filter Include="Effekseer\include\Effekseer">
      <UniqueIdentifier>{99571870-124e-4cf1-b375-d5b6059f088b}</UniqueIdentifier>
    </Filter>
    <Filter Include="Effekseer\include\EffekseerRendererDX11">
      <UniqueIdentifier>{32dc0770-716f-41c5-82fd-7f2101dfd439}</UniqueIdentifier>
    </Filter>
    <Filter Include="imgui-master">
      <UniqueIdentifier>{8b63ca00-6cfa-4d9b-bcc8-6e28f5f03ebb}</UniqueIdentifier>
    </Filter>
    <Filter Include="imgui-master\backends">
      <UniqueIdentifier>{caa134ce-c7e2-47cb-99e9-e225c9d7fbf9}</UniqueIdentifier>
    </Filter>
    <Filter Include="External">
      <UniqueIdentifier>{e8ea6f93-724b-4010-beaa-4acf7cb5b39a}</UniqueIdentifier>
    </Filter>
    <Filter Include="External\bullet">
      <UniqueIdentifier>{d25145a6-0699-4b22-aae8-dc928f910224}</UniqueIdentifier>
    </Filter>
    <Filter Include="External\bullet\include">
      <UniqueIdentifier>{9c17444c-9017-4db4-97f5-860d3b1c8d76}</UniqueIdentifier>
    </Filter>
    <Filter Include="Assets\shader">
      <UniqueIdentifier>{a743f53d-8435-4a38-ba18-99034c6174d0}</UniqueIdentifier>
    </Filter>
  </ItemGroup>
  <ItemGroup>
    <ClInclude Include="framework.h">
      <Filter>ヘッダー ファイル</Filter>
    </ClInclude>
    <ClInclude Include="targetver.h">
      <Filter>ヘッダー ファイル</Filter>
    </ClInclude>
    <ClInclude Include="Resource.h">
      <Filter>ヘッダー ファイル</Filter>
    </ClInclude>
    <ClInclude Include="Rivalsgame1.h">
      <Filter>ヘッダー ファイル</Filter>
    </ClInclude>
    <ClInclude Include="game.h">
      <Filter>ヘッダー ファイル</Filter>
    </ClInclude>
    <ClInclude Include="Entities.h">
      <Filter>ヘッダー ファイル</Filter>
    </ClInclude>
    <ClInclude Include="WeaponSystem.h">
      <Filter>ヘッダー ファイル</Filter>
    </ClInclude>
    <ClInclude Include="EnemySystem.h">
      <Filter>ヘッダー ファイル</Filter>
    </ClInclude>
    <ClInclude Include="ParticleSystem.h">
      <Filter>ヘッダー ファイル</Filter>
    </ClInclude>
    <ClInclude Include="WaveManager.h">
      <Filter>ヘッダー ファイル</Filter>
    </ClInclude>
    <ClInclude Include="Player.h">
      <Filter>ヘッダー ファイル</Filter>
    </ClInclude>
    <ClInclude Include="UISystem.h">
      <Filter>ヘッダー ファイル</Filter>
    </ClInclude>
    <ClInclude Include="Model.h">
      <Filter>ヘッダー ファイル</Filter>
    </ClInclude>
    <ClInclude Include="MapSystem.h">
      <Filter>ヘッダー ファイル</Filter>
    </ClInclude>
    <ClInclude Include="WeaponSpawn.h">
      <Filter>ヘッダー ファイル</Filter>
    </ClInclude>
    <ClInclude Include="TexturedQuad.h">
      <Filter>ヘッダー ファイル</Filter>
    </ClInclude>
    <ClInclude Include="Shadow.h">
      <Filter>ヘッダー ファイル</Filter>
    </ClInclude>
    <ClInclude Include="InstanceData.h">
      <Filter>ヘッダー ファイル</Filter>
    </ClInclude>
    <ClInclude Include="Effekseer\include\Effekseer\Effekseer.h">
      <Filter>Effekseer\include\Effekseer</Filter>
    </ClInclude>
    <ClInclude Include="Effekseer\include\Effekseer\Effekseer.Modules.h">
      <Filter>Effekseer\include\Effekseer</Filter>
    </ClInclude>
    <ClInclude Include="Effekseer\include\Effekseer\Effekseer.SIMD.h">
      <Filter>Effekseer\include\Effekseer</Filter>
    </ClInclude>
    <ClInclude Include="Effekseer\include\EffekseerRendererDX11\EffekseerRendererDX11.h">
      <Filter>Effekseer\include\EffekseerRendererDX11</Filter>
    </ClInclude>
    <ClInclude Include="imgui-master\imconfig.h">
      <Filter>imgui-master</Filter>
    </ClInclude>
    <ClInclude Include="imgui-master\imgui.h">
      <Filter>imgui-master</Filter>
    </ClInclude>
    <ClInclude Include="imgui-master\imgui_internal.h">
      <Filter>imgui-master</Filter>
    </ClInclude>
    <ClInclude Include="imgui-master\imstb_rectpack.h">
      <Filter>imgui-master</Filter>
    </ClInclude>
    <ClInclude Include="imgui-master\imstb_textedit.h">
      <Filter>imgui-master</Filter>
    </ClInclude>
    <ClInclude Include="imgui-master\imstb_truetype.h">
      <Filter>imgui-master</Filter>
    </ClInclude>
    <ClInclude Include="imgui-master\backends\imgui_impl_allegro5.h">
      <Filter>imgui-master\backends</Filter>
    </ClInclude>
    <ClInclude Include="imgui-master\backends\imgui_impl_android.h">
      <Filter>imgui-master\backends</Filter>
    </ClInclude>
    <ClInclude Include="imgui-master\backends\imgui_impl_dx9.h">
      <Filter>imgui-master\backends</Filter>
    </ClInclude>
    <ClInclude Include="imgui-master\backends\imgui_impl_dx10.h">
      <Filter>imgui-master\backends</Filter>
    </ClInclude>
    <ClInclude Include="imgui-master\backends\imgui_impl_dx11.h">
      <Filter>imgui-master\backends</Filter>
    </ClInclude>
    <ClInclude Include="imgui-master\backends\imgui_impl_dx12.h">
      <Filter>imgui-master\backends</Filter>
    </ClInclude>
    <ClInclude Include="imgui-master\backends\imgui_impl_glfw.h">
      <Filter>imgui-master\backends</Filter>
    </ClInclude>
    <ClInclude Include="imgui-master\backends\imgui_impl_glut.h">
      <Filter>imgui-master\backends</Filter>
    </ClInclude>
    <ClInclude Include="imgui-master\backends\imgui_impl_metal.h">
      <Filter>imgui-master\backends</Filter>
    </ClInclude>
    <ClInclude Include="imgui-master\backends\imgui_impl_null.h">
      <Filter>imgui-master\backends</Filter>
    </ClInclude>
    <ClInclude Include="imgui-master\backends\imgui_impl_opengl2.h">
      <Filter>imgui-master\backends</Filter>
    </ClInclude>
    <ClInclude Include="imgui-master\backends\imgui_impl_opengl3.h">
      <Filter>imgui-master\backends</Filter>
    </ClInclude>
    <ClInclude Include="imgui-master\backends\imgui_impl_opengl3_loader.h">
      <Filter>imgui-master\backends</Filter>
    </ClInclude>
    <ClInclude Include="imgui-master\backends\imgui_impl_osx.h">
      <Filter>imgui-master\backends</Filter>
    </ClInclude>
    <ClInclude Include="imgui-master\backends\imgui_impl_sdl2.h">
      <Filter>imgui-master\backends</Filter>
    </ClInclude>
    <ClInclude Include="imgui-master\backends\imgui_impl_sdl3.h">
      <Filter>imgui-master\backends</Filter>
    </ClInclude>
    <ClInclude Include="imgui-master\backends\imgui_impl_sdlgpu3.h">
      <Filter>imgui-master\backends</Filter>
    </ClInclude>
    <ClInclude Include="imgui-master\backends\imgui_impl_sdlgpu3_shaders.h">
      <Filter>imgui-master\backends</Filter>
    </ClInclude>
    <ClInclude Include="imgui-master\backends\imgui_impl_sdlrenderer2.h">
      <Filter>imgui-master\backends</Filter>
    </ClInclude>
    <ClInclude Include="imgui-master\backends\imgui_impl_sdlrenderer3.h">
      <Filter>imgui-master\backends</Filter>
    </ClInclude>
    <ClInclude Include="imgui-master\backends\imgui_impl_vulkan.h">
      <Filter>imgui-master\backends</Filter>
    </ClInclude>
    <ClInclude Include="imgui-master\backends\imgui_impl_wgpu.h">
      <Filter>imgui-master\backends</Filter>
    </ClInclude>
    <ClInclude Include="imgui-master\backends\imgui_impl_win32.h">
      <Filter>imgui-master\backends</Filter>
    </ClInclude>
    <ClInclude Include="External\bullet\include\btBulletCollisionCommon.h">
      <Filter>External\bullet\include</Filter>
    </ClInclude>
    <ClInclude Include="External\bullet\include\btBulletDynamicsCommon.h">
      <Filter>External\bullet\include</Filter>
    </ClInclude>
    <ClInclude Include="FlagMesh.h">
      <Filter>ヘッダー ファイル</Filter>
    </ClInclude>
    <ClInclude Include="TitleScene.h">
      <Filter>ヘッダー ファイル</Filter>
    </ClInclude>
    <ClInclude Include="Beziercurve.h">
      <Filter>ヘッダー ファイル</Filter>
    </ClInclude>
    <ClInclude Include="FireParticleSystem.h">
      <Filter>ヘッダー ファイル</Filter>
    </ClInclude>
  </ItemGroup>
  <ItemGroup>
    <ClCompile Include="main.cpp">
      <Filter>ソース ファイル</Filter>
    </ClCompile>
    <ClCompile Include="game.cpp">
      <Filter>ソース ファイル</Filter>
    </ClCompile>
    <ClCompile Include="WeaponSystem.cpp">
      <Filter>ソース ファイル</Filter>
    </ClCompile>
    <ClCompile Include="EnemySystem.cpp">
      <Filter>ソース ファイル</Filter>
    </ClCompile>
    <ClCompile Include="ParticleSystem.cpp">
      <Filter>ソース ファイル</Filter>
    </ClCompile>
    <ClCompile Include="WaveManager.cpp">
      <Filter>ソース ファイル</Filter>
    </ClCompile>
    <ClCompile Include="Player.cpp">
      <Filter>ソース ファイル</Filter>
    </ClCompile>
    <ClCompile Include="UISystem.cpp">
      <Filter>ソース ファイル</Filter>
    </ClCompile>
    <ClCompile Include="Model.cpp">
      <Filter>ソース ファイル</Filter>
    </ClCompile>
    <ClCompile Include="MapSystem.cpp">
      <Filter>ソース ファイル</Filter>
    </ClCompile>
    <ClCompile Include="WeaponSpawn.cpp">
      <Filter>ソース ファイル</Filter>
    </ClCompile>
    <ClCompile Include="TexturedQuad.cpp">
      <Filter>ソース ファイル</Filter>
    </ClCompile>
    <ClCompile Include="Shadow.cpp">
      <Filter>ソース ファイル</Filter>
    </ClCompile>
    <ClCompile Include="imgui-master\imgui.cpp">
      <Filter>imgui-master</Filter>
    </ClCompile>
    <ClCompile Include="imgui-master\imgui_demo.cpp">
      <Filter>imgui-master</Filter>
    </ClCompile>
    <ClCompile Include="imgui-master\imgui_draw.cpp">
      <Filter>imgui-master</Filter>
    </ClCompile>
    <ClCompile Include="imgui-master\imgui_tables.cpp">
      <Filter>imgui-master</Filter>
    </ClCompile>
    <ClCompile Include="imgui-master\imgui_widgets.cpp">
      <Filter>imgui-master</Filter>
    </ClCompile>
    <ClCompile Include="imgui-master\backends\imgui_impl_allegro5.cpp">
      <Filter>imgui-master\backends</Filter>
    </ClCompile>
    <ClCompile Include="imgui-master\backends\imgui_impl_android.cpp">
      <Filter>imgui-master\backends</Filter>
    </ClCompile>
    <ClCompile Include="imgui-master\backends\imgui_impl_dx9.cpp">
      <Filter>imgui-master\backends</Filter>
    </ClCompile>
    <ClCompile Include="imgui-master\backends\imgui_impl_dx10.cpp">
      <Filter>imgui-master\backends</Filter>
    </ClCompile>
    <ClCompile Include="imgui-master\backends\imgui_impl_dx11.cpp">
      <Filter>imgui-master\backends</Filter>
    </ClCompile>
    <ClCompile Include="imgui-master\backends\imgui_impl_dx12.cpp">
      <Filter>imgui-master\backends</Filter>
    </ClCompile>
    <ClCompile Include="imgui-master\backends\imgui_impl_glfw.cpp">
      <Filter>imgui-master\backends</Filter>
    </ClCompile>
    <ClCompile Include="imgui-master\backends\imgui_impl_glut.cpp">
      <Filter>imgui-master\backends</Filter>
    </ClCompile>
    <ClCompile Include="imgui-master\backends\imgui_impl_null.cpp">
      <Filter>imgui-master\backends</Filter>
    </ClCompile>
    <ClCompile Include="imgui-master\backends\imgui_impl_opengl2.cpp">
      <Filter>imgui-master\backends</Filter>
    </ClCompile>
    <ClCompile Include="imgui-master\backends\imgui_impl_opengl3.cpp">
      <Filter>imgui-master\backends</Filter>
    </ClCompile>
    <ClCompile Include="imgui-master\backends\imgui_impl_sdl2.cpp">
      <Filter>imgui-master\backends</Filter>
    </ClCompile>
    <ClCompile Include="imgui-master\backends\imgui_impl_sdl3.cpp">
      <Filter>imgui-master\backends</Filter>
    </ClCompile>
    <ClCompile Include="imgui-master\backends\imgui_impl_sdlgpu3.cpp">
      <Filter>imgui-master\backends</Filter>
    </ClCompile>
    <ClCompile Include="imgui-master\backends\imgui_impl_sdlrenderer2.cpp">
      <Filter>imgui-master\backends</Filter>
    </ClCompile>
    <ClCompile Include="imgui-master\backends\imgui_impl_sdlrenderer3.cpp">
      <Filter>imgui-master\backends</Filter>
    </ClCompile>
    <ClCompile Include="imgui-master\backends\imgui_impl_vulkan.cpp">
      <Filter>imgui-master\backends</Filter>
    </ClCompile>
    <ClCompile Include="imgui-master\backends\imgui_impl_wgpu.cpp">
      <Filter>imgui-master\backends</Filter>
    </ClCompile>
    <ClCompile Include="imgui-master\backends\imgui_impl_win32.cpp">
      <Filter>imgui-master\backends</Filter>
    </ClCompile>
    <ClCompile Include="FlagMesh.cpp">
      <Filter>ソース ファイル</Filter>
    </ClCompile>
    <ClCompile Include="TitleScene.cpp">
      <Filter>ソース ファイル</Filter>
    </ClCompile>
    <ClCompile Include="Beziecurve.cpp">
      <Filter>ソース ファイル</Filter>
    </ClCompile>
    <ClCompile Include="FireParticleSystem.cpp">
      <Filter>ソース ファイル</Filter>
    </ClCompile>
  </ItemGroup>
  <ItemGroup>
    <None Include="Assets\Models\Y_Bot\Y_Bot.fbx">
      <Filter>Assets\Models\Y_Bot</Filter>
    </None>
    <None Include="Assets\Models\Y_Bot\Zombie_Walk.fbx">
      <Filter>Assets\Models\Y_Bot</Filter>
    </None>
    <None Include="Assets\Models\Y_Bot\Zombie_Attack.fbx">
      <Filter>Assets\Models\Y_Bot</Filter>
    </None>
    <None Include="Assets\Models\Y_Bot\Zombie_Idle.fbx">
      <Filter>Assets\Models\Y_Bot</Filter>
    </None>
    <None Include="Assets\Models\Y_Bot\Zombie_Run.fbx">
      <Filter>Assets\Models\Y_Bot</Filter>
    </None>
    <None Include="myfile.spritefont" />
    <None Include="imgui-master\backends\imgui_impl_metal.mm">
      <Filter>imgui-master\backends</Filter>
    </None>
    <None Include="imgui-master\backends\imgui_impl_osx.mm">
      <Filter>imgui-master\backends</Filter>
    </None>
  </ItemGroup>
  <ItemGroup>
    <FxCompile Include="FlagPS_Standalone.hlsl">
      <Filter>Assets\shader</Filter>
    </FxCompile>
    <FxCompile Include="FlagVS_Standalone.hlsl">
      <Filter>Assets\shader</Filter>
    </FxCompile>
    <FxCompile Include="PostProcessVS.hlsl">
      <Filter>Assets\shader</Filter>
    </FxCompile>
    <FxCompile Include="BlurPS.hlsl">
      <Filter>Assets\shader</Filter>
    </FxCompile>
    <FxCompile Include="GaussianBlur.hlsl">
      <Filter>Assets\shader</Filter>
    </FxCompile>
    <FxCompile Include="FullscreenVS.hlsl">
      <Filter>Assets\shader</Filter>
    </FxCompile>
    <FxCompile Include="BurnFlagPS.hlsl">
      <Filter>Assets\shader</Filter>
    </FxCompile>
    <FxCompile Include="MenuPostProcessPS.hlsl">
      <Filter>Assets\shader</Filter>
    </FxCompile>
    <FxCompile Include="TitleBackgroundPS.hlsl">
      <Filter>Assets\shader</Filter>
    </FxCompile>
  </ItemGroup>
  <ItemGroup>
    <CopyFileToFolders Include="FireParticlePS_Standalone.hlsl">
      <Filter>Assets\shader</Filter>
    </CopyFileToFolders>
    <CopyFileToFolders Include="FireParticleVS_Standalone.hlsl">
      <Filter>Assets\shader</Filter>
    </CopyFileToFolders>
  </ItemGroup>
</Project>